
Microsoft Visual Studio Solution File, Format Version 12.00
# Visual Studio Version 16
VisualStudioVersion = 16.0.29926.136
MinimumVisualStudioVersion = 10.0.40219.1
Project("{2150E333-8FDC-42A3-9474-1A3956D46DE8}") = "Solution Items", "Solution Items", "{0691ABF2-B3C7-43BF-9862-2D8D1299CE58}"
	ProjectSection(SolutionItems) = preProject
		..\.travis.yml = ..\.travis.yml
		..\Command.Bot.build.ps1 = ..\Command.Bot.build.ps1
		..\Dockerfile = ..\Dockerfile
		..\go.cmd = ..\go.cmd
		..\go.sh = ..\go.sh
		..\Makefile = ..\Makefile
		..\README.md = ..\README.md
	EndProjectSection
EndProject
Project("{9A19103F-16F7-4668-BE54-9A1E7A4F7556}") = "Command.Bot.Core", "Command.Bot.Core\Command.Bot.Core.csproj", "{99CDCD85-C8A7-4DAA-82C5-65C4774C2E30}"
EndProject
Project("{2150E333-8FDC-42A3-9474-1A3956D46DE8}") = ".nuget", ".nuget", "{2A959A54-BF6F-4BF5-975E-BE3829832B87}"
	ProjectSection(SolutionItems) = preProject
		.nuget\NuGet.Config = .nuget\NuGet.Config
		.nuget\NuGet.exe = .nuget\NuGet.exe
		.nuget\packages.config = .nuget\packages.config
	EndProjectSection
EndProject
Project("{9A19103F-16F7-4668-BE54-9A1E7A4F7556}") = "Command.Bot.Core.Tests", "Command.Bot.Core.Tests\Command.Bot.Core.Tests.csproj", "{54F0B648-DB1E-45A4-BA1B-FEB0AF16023E}"
EndProject
Project("{2150E333-8FDC-42A3-9474-1A3956D46DE8}") = "Tests", "Tests", "{52BE2713-6BBA-4444-84FD-071746F7E980}"
EndProject
Project("{2150E333-8FDC-42A3-9474-1A3956D46DE8}") = "Core", "Core", "{E8CDBE03-BC0D-400F-B6D0-CA65988B6256}"
EndProject
Project("{9A19103F-16F7-4668-BE54-9A1E7A4F7556}") = "Command.Bot", "Command.Bot\Command.Bot.csproj", "{529DD5CA-B003-4876-B1B6-79A420441C42}"
EndProject
Project("{9A19103F-16F7-4668-BE54-9A1E7A4F7556}") = "Command.Bot.Service", "Command.Bot.Service\Command.Bot.Service.csproj", "{1154E359-7AC5-4119-841B-451BF24CA81B}"
EndProject
Project("{9A19103F-16F7-4668-BE54-9A1E7A4F7556}") = "Command.Bot.Shared", "Command.Bot.Shared\Command.Bot.Shared.csproj", "{B3C326B5-BFB7-48DC-90CB-8BAF68B590D0}"
EndProject
Global
	GlobalSection(SolutionConfigurationPlatforms) = preSolution
		Debug|Any CPU = Debug|Any CPU
		Qa|Any CPU = Qa|Any CPU
		Release|Any CPU = Release|Any CPU
		Staging|Any CPU = Staging|Any CPU
	EndGlobalSection
	GlobalSection(ProjectConfigurationPlatforms) = postSolution
		{99CDCD85-C8A7-4DAA-82C5-65C4774C2E30}.Debug|Any CPU.ActiveCfg = Debug|Any CPU
		{99CDCD85-C8A7-4DAA-82C5-65C4774C2E30}.Debug|Any CPU.Build.0 = Debug|Any CPU
		{99CDCD85-C8A7-4DAA-82C5-65C4774C2E30}.Qa|Any CPU.ActiveCfg = Release|Any CPU
		{99CDCD85-C8A7-4DAA-82C5-65C4774C2E30}.Qa|Any CPU.Build.0 = Release|Any CPU
		{99CDCD85-C8A7-4DAA-82C5-65C4774C2E30}.Release|Any CPU.ActiveCfg = Release|Any CPU
		{99CDCD85-C8A7-4DAA-82C5-65C4774C2E30}.Release|Any CPU.Build.0 = Release|Any CPU
		{99CDCD85-C8A7-4DAA-82C5-65C4774C2E30}.Staging|Any CPU.ActiveCfg = Release|Any CPU
		{99CDCD85-C8A7-4DAA-82C5-65C4774C2E30}.Staging|Any CPU.Build.0 = Release|Any CPU
		{54F0B648-DB1E-45A4-BA1B-FEB0AF16023E}.Debug|Any CPU.ActiveCfg = Debug|Any CPU
		{54F0B648-DB1E-45A4-BA1B-FEB0AF16023E}.Debug|Any CPU.Build.0 = Debug|Any CPU
		{54F0B648-DB1E-45A4-BA1B-FEB0AF16023E}.Qa|Any CPU.ActiveCfg = Release|Any CPU
		{54F0B648-DB1E-45A4-BA1B-FEB0AF16023E}.Qa|Any CPU.Build.0 = Release|Any CPU
		{54F0B648-DB1E-45A4-BA1B-FEB0AF16023E}.Release|Any CPU.ActiveCfg = Release|Any CPU
		{54F0B648-DB1E-45A4-BA1B-FEB0AF16023E}.Release|Any CPU.Build.0 = Release|Any CPU
		{54F0B648-DB1E-45A4-BA1B-FEB0AF16023E}.Staging|Any CPU.ActiveCfg = Release|Any CPU
		{54F0B648-DB1E-45A4-BA1B-FEB0AF16023E}.Staging|Any CPU.Build.0 = Release|Any CPU
		{529DD5CA-B003-4876-B1B6-79A420441C42}.Debug|Any CPU.ActiveCfg = Debug|Any CPU
		{529DD5CA-B003-4876-B1B6-79A420441C42}.Debug|Any CPU.Build.0 = Debug|Any CPU
		{529DD5CA-B003-4876-B1B6-79A420441C42}.Qa|Any CPU.ActiveCfg = Debug|Any CPU
		{529DD5CA-B003-4876-B1B6-79A420441C42}.Qa|Any CPU.Build.0 = Debug|Any CPU
		{529DD5CA-B003-4876-B1B6-79A420441C42}.Release|Any CPU.ActiveCfg = Release|Any CPU
		{529DD5CA-B003-4876-B1B6-79A420441C42}.Release|Any CPU.Build.0 = Release|Any CPU
		{529DD5CA-B003-4876-B1B6-79A420441C42}.Staging|Any CPU.ActiveCfg = Debug|Any CPU
		{529DD5CA-B003-4876-B1B6-79A420441C42}.Staging|Any CPU.Build.0 = Debug|Any CPU
		{1154E359-7AC5-4119-841B-451BF24CA81B}.Debug|Any CPU.ActiveCfg = Debug|Any CPU
		{1154E359-7AC5-4119-841B-451BF24CA81B}.Debug|Any CPU.Build.0 = Debug|Any CPU
		{1154E359-7AC5-4119-841B-451BF24CA81B}.Qa|Any CPU.ActiveCfg = Release|Any CPU
		{1154E359-7AC5-4119-841B-451BF24CA81B}.Qa|Any CPU.Build.0 = Release|Any CPU
		{1154E359-7AC5-4119-841B-451BF24CA81B}.Release|Any CPU.ActiveCfg = Release|Any CPU
		{1154E359-7AC5-4119-841B-451BF24CA81B}.Release|Any CPU.Build.0 = Release|Any CPU
		{1154E359-7AC5-4119-841B-451BF24CA81B}.Staging|Any CPU.ActiveCfg = Release|Any CPU
		{1154E359-7AC5-4119-841B-451BF24CA81B}.Staging|Any CPU.Build.0 = Release|Any CPU
		{B3C326B5-BFB7-48DC-90CB-8BAF68B590D0}.Debug|Any CPU.ActiveCfg = Debug|Any CPU
		{B3C326B5-BFB7-48DC-90CB-8BAF68B590D0}.Debug|Any CPU.Build.0 = Debug|Any CPU
		{B3C326B5-BFB7-48DC-90CB-8BAF68B590D0}.Qa|Any CPU.ActiveCfg = Debug|Any CPU
		{B3C326B5-BFB7-48DC-90CB-8BAF68B590D0}.Qa|Any CPU.Build.0 = Debug|Any CPU
		{B3C326B5-BFB7-48DC-90CB-8BAF68B590D0}.Release|Any CPU.ActiveCfg = Release|Any CPU
		{B3C326B5-BFB7-48DC-90CB-8BAF68B590D0}.Release|Any CPU.Build.0 = Release|Any CPU
		{B3C326B5-BFB7-48DC-90CB-8BAF68B590D0}.Staging|Any CPU.ActiveCfg = Debug|Any CPU
		{B3C326B5-BFB7-48DC-90CB-8BAF68B590D0}.Staging|Any CPU.Build.0 = Debug|Any CPU
	EndGlobalSection
	GlobalSection(SolutionProperties) = preSolution
		HideSolutionNode = FALSE
	EndGlobalSection
	GlobalSection(NestedProjects) = preSolution
		{99CDCD85-C8A7-4DAA-82C5-65C4774C2E30} = {E8CDBE03-BC0D-400F-B6D0-CA65988B6256}
		{54F0B648-DB1E-45A4-BA1B-FEB0AF16023E} = {52BE2713-6BBA-4444-84FD-071746F7E980}
		{B3C326B5-BFB7-48DC-90CB-8BAF68B590D0} = {E8CDBE03-BC0D-400F-B6D0-CA65988B6256}
	EndGlobalSection
	GlobalSection(ExtensibilityGlobals) = postSolution
		SolutionGuid = {2BFA1E97-3C05-40BF-ABCF-8C217B2E038B}
	EndGlobalSection
EndGlobal
